[[package]]
name = "bare-metal"
version = "0.2.4"
source = "registry+https://github.com/rust-lang/crates.io-index"
dependencies = [
 "rustc_version 0.2.3 (registry+https://github.com/rust-lang/crates.io-index)",
]

[[package]]
name = "bbl"
version = "0.1.0"

[[package]]
name = "bit-allocator"
version = "0.1.0"
dependencies = [
 "bit_field 0.9.0 (registry+https://github.com/rust-lang/crates.io-index)",
]

[[package]]
name = "bit-vec"
version = "0.5.0"
source = "git+https://github.com/AltSysrq/bit-vec.git#9861a58d6e761906cc63964c759e71f05bf63540"

[[package]]
name = "bit_field"
version = "0.9.0"
source = "registry+https://github.com/rust-lang/crates.io-index"

[[package]]
name = "bitflags"
version = "1.0.4"
source = "registry+https://github.com/rust-lang/crates.io-index"

[[package]]
name = "cc"
version = "1.0.25"
source = "registry+https://github.com/rust-lang/crates.io-index"

[[package]]
name = "cfg-if"
version = "0.1.6"
source = "registry+https://github.com/rust-lang/crates.io-index"

[[package]]
name = "lazy_static"
version = "1.2.0"
source = "registry+https://github.com/rust-lang/crates.io-index"
dependencies = [
 "spin 0.4.10 (registry+https://github.com/rust-lang/crates.io-index)",
]

[[package]]
name = "linked_list_allocator"
version = "0.6.3"
source = "registry+https://github.com/rust-lang/crates.io-index"
dependencies = [
 "spin 0.4.10 (registry+https://github.com/rust-lang/crates.io-index)",
]

[[package]]
name = "log"
version = "0.4.6"
source = "registry+https://github.com/rust-lang/crates.io-index"
dependencies = [
 "cfg-if 0.1.6 (registry+https://github.com/rust-lang/crates.io-index)",
]

[[package]]
name = "once"
version = "0.3.3"
source = "registry+https://github.com/rust-lang/crates.io-index"

[[package]]
name = "rcore"
version = "0.1.0"
dependencies = [
 "bbl 0.1.0",
 "bit-allocator 0.1.0",
 "bit_field 0.9.0 (registry+https://github.com/rust-lang/crates.io-index)",
 "bitflags 1.0.4 (registry+https://github.com/rust-lang/crates.io-index)",
 "cc 1.0.25 (registry+https://github.com/rust-lang/crates.io-index)",
 "lazy_static 1.2.0 (registry+https://github.com/rust-lang/crates.io-index)",
 "linked_list_allocator 0.6.3 (registry+https://github.com/rust-lang/crates.io-index)",
 "log 0.4.6 (registry+https://github.com/rust-lang/crates.io-index)",
 "once 0.3.3 (registry+https://github.com/rust-lang/crates.io-index)",
 "rcore-memory 0.1.0",
 "rcore-process 0.1.0",
 "riscv 0.3.0 (git+https://github.com/riscv-and-rust-and-decaf/riscv)",
 "simple-filesystem 0.1.0 (git+https://github.com/wangrunji0408/SimpleFileSystem-Rust)",
 "spin 0.4.10 (registry+https://github.com/rust-lang/crates.io-index)",
 "volatile 0.2.5 (registry+https://github.com/rust-lang/crates.io-index)",
 "xmas-elf 0.6.2 (registry+https://github.com/rust-lang/crates.io-index)",
]

[[package]]
name = "rcore-memory"
version = "0.1.0"
dependencies = [
 "log 0.4.6 (registry+https://github.com/rust-lang/crates.io-index)",
]

[[package]]
name = "rcore-process"
version = "0.1.0"
dependencies = [
 "log 0.4.6 (registry+https://github.com/rust-lang/crates.io-index)",
 "spin 0.4.10 (registry+https://github.com/rust-lang/crates.io-index)",
]

[[package]]
name = "riscv"
version = "0.3.0"
source = "git+https://github.com/riscv-and-rust-and-decaf/riscv#f7bea54d7f254b63b5a6130285ab421c23d2f3bd"
dependencies = [
 "bare-metal 0.2.4 (registry+https://github.com/rust-lang/crates.io-index)",
 "bit_field 0.9.0 (registry+https://github.com/rust-lang/crates.io-index)",
 "bitflags 1.0.4 (registry+https://github.com/rust-lang/crates.io-index)",
 "log 0.4.6 (registry+https://github.com/rust-lang/crates.io-index)",
]

[[package]]
name = "rustc_version"
version = "0.2.3"
source = "registry+https://github.com/rust-lang/crates.io-index"
dependencies = [
 "semver 0.9.0 (registry+https://github.com/rust-lang/crates.io-index)",
]

[[package]]
name = "semver"
version = "0.9.0"
source = "registry+https://github.com/rust-lang/crates.io-index"
dependencies = [
 "semver-parser 0.7.0 (registry+https://github.com/rust-lang/crates.io-index)",
]

[[package]]
name = "semver-parser"
version = "0.7.0"
source = "registry+https://github.com/rust-lang/crates.io-index"

[[package]]
name = "simple-filesystem"
version = "0.1.0"
source = "git+https://github.com/wangrunji0408/SimpleFileSystem-Rust#48b3c2618a9589490a2b327844740a9fe1950b11"
dependencies = [
 "bit-vec 0.5.0 (git+https://github.com/AltSysrq/bit-vec.git)",
 "spin 0.4.10 (registry+https://github.com/rust-lang/crates.io-index)",
 "static_assertions 0.3.1 (registry+https://github.com/rust-lang/crates.io-index)",
]

[[package]]
name = "spin"
version = "0.4.10"
source = "registry+https://github.com/rust-lang/crates.io-index"

[[package]]
name = "static_assertions"
version = "0.3.1"
source = "registry+https://github.com/rust-lang/crates.io-index"

[[package]]
name = "volatile"
version = "0.2.5"
source = "registry+https://github.com/rust-lang/crates.io-index"

[[package]]
name = "xmas-elf"
version = "0.6.2"
source = "registry+https://github.com/rust-lang/crates.io-index"
dependencies = [
 "zero 0.1.2 (registry+https://github.com/rust-lang/crates.io-index)",
]

[[package]]
name = "zero"
version = "0.1.2"
source = "registry+https://github.com/rust-lang/crates.io-index"

[metadata]
"checksum bare-metal 0.2.4 (registry+https://github.com/rust-lang/crates.io-index)" = "a3caf393d93b2d453e80638d0674597020cef3382ada454faacd43d1a55a735a"
"checksum bit-vec 0.5.0 (git+https://github.com/AltSysrq/bit-vec.git)" = "<none>"
"checksum bit_field 0.9.0 (registry+https://github.com/rust-lang/crates.io-index)" = "ed8765909f9009617974ab6b7d332625b320b33c326b1e9321382ef1999b5d56"
"checksum bitflags 1.0.4 (registry+https://github.com/rust-lang/crates.io-index)" = "228047a76f468627ca71776ecdebd732a3423081fcf5125585bcd7c49886ce12"
"checksum cc 1.0.25 (registry+https://github.com/rust-lang/crates.io-index)" = "f159dfd43363c4d08055a07703eb7a3406b0dac4d0584d96965a3262db3c9d16"
"checksum cfg-if 0.1.6 (registry+https://github.com/rust-lang/crates.io-index)" = "082bb9b28e00d3c9d39cc03e64ce4cea0f1bb9b3fde493f0cbc008472d22bdf4"
"checksum lazy_static 1.2.0 (registry+https://github.com/rust-lang/crates.io-index)" = "a374c89b9db55895453a74c1e38861d9deec0b01b405a82516e9d5de4820dea1"
"checksum linked_list_allocator 0.6.3 (registry+https://github.com/rust-lang/crates.io-index)" = "655d57c71827fe0891ce72231b6aa5e14033dae3f604609e6a6f807267c1678d"
"checksum log 0.4.6 (registry+https://github.com/rust-lang/crates.io-index)" = "c84ec4b527950aa83a329754b01dbe3f58361d1c5efacd1f6d68c494d08a17c6"
"checksum once 0.3.3 (registry+https://github.com/rust-lang/crates.io-index)" = "931fb7a4cf34610cf6cbe58d52a8ca5ef4c726d4e2e178abd0dc13a6551c6d73"
"checksum riscv 0.3.0 (git+https://github.com/riscv-and-rust-and-decaf/riscv)" = "<none>"
"checksum rustc_version 0.2.3 (registry+https://github.com/rust-lang/crates.io-index)" = "138e3e0acb6c9fb258b19b67cb8abd63c00679d2851805ea151465464fe9030a"
"checksum semver 0.9.0 (registry+https://github.com/rust-lang/crates.io-index)" = "1d7eb9ef2c18661902cc47e535f9bc51b78acd254da71d375c2f6720d9a40403"
"checksum semver-parser 0.7.0 (registry+https://github.com/rust-lang/crates.io-index)" = "388a1df253eca08550bef6c72392cfe7c30914bf41df5269b68cbd6ff8f570a3"
"checksum simple-filesystem 0.1.0 (git+https://github.com/wangrunji0408/SimpleFileSystem-Rust)" = "<none>"
"checksum spin 0.4.10 (registry+https://github.com/rust-lang/crates.io-index)" = "ceac490aa12c567115b40b7b7fceca03a6c9d53d5defea066123debc83c5dc1f"
"checksum static_assertions 0.3.1 (registry+https://github.com/rust-lang/crates.io-index)" = "389ce475f424f267dbed6479cbd8f126c5e1afb053b0acdaa019c74305fc65d1"
"checksum volatile 0.2.5 (registry+https://github.com/rust-lang/crates.io-index)" = "d9ca391c55768e479d5c2f8beb40c136df09257292a809ea514e82cfdfc15d00"
"checksum xmas-elf 0.6.2 (registry+https://github.com/rust-lang/crates.io-index)" = "22678df5df766e8d1e5d609da69f0c3132d794edf6ab5e75e7abcd2270d4cf58"
"checksum zero 0.1.2 (registry+https://github.com/rust-lang/crates.io-index)" = "5f1bc8a6b2005884962297587045002d8cfb8dcec9db332f4ca216ddc5de82c5"
